// !$*UTF8*$!
{
	archiveVersion = 1;
	classes = {
	};
	objectVersion = 48;
	objects = {

/* Begin PBXBuildFile section */
		3EED85B61978FEE8007EEB62 /* AppDelegate.swift in Sources */ = {isa = PBXBuildFile; fileRef = 3EED85B51978FEE8007EEB62 /* AppDelegate.swift */; };
		3EED85B81978FEE8007EEB62 /* ViewController.swift in Sources */ = {isa = PBXBuildFile; fileRef = 3EED85B71978FEE8007EEB62 /* ViewController.swift */; };
		3EED85BB1978FEE8007EEB62 /* Main.storyboard in Resources */ = {isa = PBXBuildFile; fileRef = 3EED85B91978FEE8007EEB62 /* Main.storyboard */; };
		3EED85BD1978FEE8007EEB62 /* Images.xcassets in Resources */ = {isa = PBXBuildFile; fileRef = 3EED85BC1978FEE8007EEB62 /* Images.xcassets */; };
		3EED85D419790456007EEB62 /* coin-heads-medium.png in Resources */ = {isa = PBXBuildFile; fileRef = 3EED85D219790456007EEB62 /* coin-heads-medium.png */; };
		3EED85D519790456007EEB62 /* coin-tails-medium.png in Resources */ = {isa = PBXBuildFile; fileRef = 3EED85D319790456007EEB62 /* coin-tails-medium.png */; };
		3EED85D919797946007EEB62 /* LICENSE in Resources */ = {isa = PBXBuildFile; fileRef = 3EED85D619797946007EEB62 /* LICENSE */; };
		3EED85DA19797946007EEB62 /* README.md in Sources */ = {isa = PBXBuildFile; fileRef = 3EED85D719797946007EEB62 /* README.md */; };
		3EED85DB19797946007EEB62 /* Screenshot.PNG in Resources */ = {isa = PBXBuildFile; fileRef = 3EED85D819797946007EEB62 /* Screenshot.PNG */; };
/* End PBXBuildFile section */

/* Begin PBXFileReference section */
		3EED85B01978FEE8007EEB62 /* CoinToss.app */ = {isa = PBXFileReference; explicitFileType = wrapper.application; includeInIndex = 0; path = CoinToss.app; sourceTree = BUILT_PRODUCTS_DIR; };
		3EED85B41978FEE8007EEB62 /* Info.plist */ = {isa = PBXFileReference; lastKnownFileType = text.plist.xml; path = Info.plist; sourceTree = "<group>"; };
		3EED85B51978FEE8007EEB62 /* AppDelegate.swift */ = {isa = PBXFileReference; lastKnownFileType = sourcecode.swift; path = AppDelegate.swift; sourceTree = "<group>"; };
		3EED85B71978FEE8007EEB62 /* ViewController.swift */ = {isa = PBXFileReference; lastKnownFileType = sourcecode.swift; path = ViewController.swift; sourceTree = "<group>"; };
		3EED85BA1978FEE8007EEB62 /* Base */ = {isa = PBXFileReference; lastKnownFileType = file.storyboard; name = Base; path = Base.lproj/Main.storyboard; sourceTree = "<group>"; };
		3EED85BC1978FEE8007EEB62 /* Images.xcassets */ = {isa = PBXFileReference; lastKnownFileType = folder.assetcatalog; path = Images.xcassets; sourceTree = "<group>"; };
		3EED85D219790456007EEB62 /* coin-heads-medium.png */ = {isa = PBXFileReference; lastKnownFileType = image.png; path = "coin-heads-medium.png"; sourceTree = "<group>"; };
		3EED85D319790456007EEB62 /* coin-tails-medium.png */ = {isa = PBXFileReference; lastKnownFileType = image.png; path = "coin-tails-medium.png"; sourceTree = "<group>"; };
		3EED85D619797946007EEB62 /* LICENSE */ = {isa = PBXFileReference; fileEncoding = 4; lastKnownFileType = text; path = LICENSE; sourceTree = "<group>"; };
		3EED85D719797946007EEB62 /* README.md */ = {isa = PBXFileReference; fileEncoding = 4; lastKnownFileType = net.daringfireball.markdown; path = README.md; sourceTree = "<group>"; };
		3EED85D819797946007EEB62 /* Screenshot.PNG */ = {isa = PBXFileReference; lastKnownFileType = image.png; path = Screenshot.PNG; sourceTree = "<group>"; };
/* End PBXFileReference section */

/* Begin PBXFrameworksBuildPhase section */
		3EED85AD1978FEE8007EEB62 /* Frameworks */ = {
			isa = PBXFrameworksBuildPhase;
			buildActionMask = 2147483647;
			files = (
			);
			runOnlyForDeploymentPostprocessing = 0;
		};
/* End PBXFrameworksBuildPhase section */

/* Begin PBXGroup section */
		3EED85A71978FEE8007EEB62 = {
			isa = PBXGroup;
			children = (
				3EED85B21978FEE8007EEB62 /* CoinToss */,
				3EED85B11978FEE8007EEB62 /* Products */,
			);
			sourceTree = "<group>";
		};
		3EED85B11978FEE8007EEB62 /* Products */ = {
			isa = PBXGroup;
			children = (
				3EED85B01978FEE8007EEB62 /* CoinToss.app */,
			);
			name = Products;
			sourceTree = "<group>";
		};
		3EED85B21978FEE8007EEB62 /* CoinToss */ = {
			isa = PBXGroup;
			children = (
				3EED85D619797946007EEB62 /* LICENSE */,
				3EED85D719797946007EEB62 /* README.md */,
				3EED85D819797946007EEB62 /* Screenshot.PNG */,
				3EED85D219790456007EEB62 /* coin-heads-medium.png */,
				3EED85D319790456007EEB62 /* coin-tails-medium.png */,
				3EED85B51978FEE8007EEB62 /* AppDelegate.swift */,
				3EED85B71978FEE8007EEB62 /* ViewController.swift */,
				3EED85B91978FEE8007EEB62 /* Main.storyboard */,
				3EED85BC1978FEE8007EEB62 /* Images.xcassets */,
				3EED85B31978FEE8007EEB62 /* Supporting Files */,
			);
			path = CoinToss;
			sourceTree = "<group>";
		};
		3EED85B31978FEE8007EEB62 /* Supporting Files */ = {
			isa = PBXGroup;
			children = (
				3EED85B41978FEE8007EEB62 /* Info.plist */,
			);
			name = "Supporting Files";
			sourceTree = "<group>";
		};
/* End PBXGroup section */

/* Begin PBXNativeTarget section */
		3EED85AF1978FEE8007EEB62 /* CoinToss */ = {
			isa = PBXNativeTarget;
			buildConfigurationList = 3EED85CC1978FEE8007EEB62 /* Build configuration list for PBXNativeTarget "CoinToss" */;
			buildPhases = (
				3EED85AC1978FEE8007EEB62 /* Sources */,
				3EED85AD1978FEE8007EEB62 /* Frameworks */,
				3EED85AE1978FEE8007EEB62 /* Resources */,
			);
			buildRules = (
			);
			dependencies = (
			);
			name = CoinToss;
			productName = CoinToss;
			productReference = 3EED85B01978FEE8007EEB62 /* CoinToss.app */;
			productType = "com.apple.product-type.application";
		};
/* End PBXNativeTarget section */

/* Begin PBXProject section */
		3EED85A81978FEE8007EEB62 /* Project object */ = {
			isa = PBXProject;
			attributes = {
				LastSwiftUpdateCheck = 0700;
				LastUpgradeCheck = 1020;
				ORGANIZATIONNAME = Gary.com;
				TargetAttributes = {
					3EED85AF1978FEE8007EEB62 = {
						CreatedOnToolsVersion = 6.0;
						LastSwiftMigration = 1020;
					};
				};
			};
			buildConfigurationList = 3EED85AB1978FEE8007EEB62 /* Build configuration list for PBXProject "CoinToss" */;
			compatibilityVersion = "Xcode 8.0";
			developmentRegion = English;
			hasScannedForEncodings = 0;
			knownRegions = (
				English,
				en,
				Base,
			);
			mainGroup = 3EED85A71978FEE8007EEB62;
			productRefGroup = 3EED85B11978FEE8007EEB62 /* Products */;
			projectDirPath = "";
			projectRoot = "";
			targets = (
				3EED85AF1978FEE8007EEB62 /* CoinToss */,
			);
		};
/* End PBXProject section */

/* Begin PBXResourcesBuildPhase section */
		3EED85AE1978FEE8007EEB62 /* Resources */ = {
			isa = PBXResourcesBuildPhase;
			buildActionMask = 2147483647;
			files = (
				3EED85BB1978FEE8007EEB62 /* Main.storyboard in Resources */,
				3EED85DB19797946007EEB62 /* Screenshot.PNG in Resources */,
				3EED85D519790456007EEB62 /* coin-tails-medium.png in Resources */,
				3EED85BD1978FEE8007EEB62 /* Images.xcassets in Resources */,
				3EED85D419790456007EEB62 /* coin-heads-medium.png in Resources */,
				3EED85D919797946007EEB62 /* LICENSE in Resources */,
			);
			runOnlyForDeploymentPostprocessing = 0;
		};
/* End PBXResourcesBuildPhase section */

/* Begin PBXSourcesBuildPhase section */
		3EED85AC1978FEE8007EEB62 /* Sources */ = {
			isa = PBXSourcesBuildPhase;
			buildActionMask = 2147483647;
			files = (
				3EED85DA19797946007EEB62 /* README.md in Sources */,
				3EED85B81978FEE8007EEB62 /* ViewController.swift in Sources */,
				3EED85B61978FEE8007EEB62 /* AppDelegate.swift in Sources */,
			);
			runOnlyForDeploymentPostprocessing = 0;
		};
/* End PBXSourcesBuildPhase section */

/* Begin PBXVariantGroup section */
		3EED85B91978FEE8007EEB62 /* Main.storyboard */ = {
			isa = PBXVariantGroup;
			children = (
				3EED85BA1978FEE8007EEB62 /* Base */,
			);
			name = Main.storyboard;
			sourceTree = "<group>";
		};
/* End PBXVariantGroup section */

/* Begin XCBuildConfiguration section */
		3EED85CA1978FEE8007EEB62 /* Debug */ = {
			isa = XCBuildConfiguration;
			buildSettings = {
				ALWAYS_SEARCH_USER_PATHS = NO;
				CLANG_ANALYZER_LOCALIZABILITY_NONLOCALIZED = YES;
				CLANG_CXX_LANGUAGE_STANDARD = "gnu++0x";
				CLANG_CXX_LIBRARY = "libc++";
				CLANG_ENABLE_MODULES = YES;
				CLANG_ENABLE_OBJC_ARC = YES;
				CLANG_WARN_BLOCK_CAPTURE_AUTORELEASING = YES;
				CLANG_WARN_BOOL_CONVERSION = YES;
				CLANG_WARN_COMMA = YES;
				CLANG_WARN_CONSTANT_CONVERSION = YES;
				CLANG_WARN_DEPRECATED_OBJC_IMPLEMENTATIONS = YES;
				CLANG_WARN_DIRECT_OBJC_ISA_USAGE = YES_ERROR;
				CLANG_WARN_EMPTY_BODY = YES;
				CLANG_WARN_ENUM_CONVERSION = YES;
				CLANG_WARN_INFINITE_RECURSION = YES;
				CLANG_WARN_INT_CONVERSION = YES;
				CLANG_WARN_NON_LITERAL_NULL_CONVERSION = YES;
				CLANG_WARN_OBJC_IMPLICIT_RETAIN_SELF = YES;
				CLANG_WARN_OBJC_LITERAL_CONVERSION = YES;
				CLANG_WARN_OBJC_ROOT_CLASS = YES_ERROR;
				CLANG_WARN_RANGE_LOOP_ANALYSIS = YES;
				CLANG_WARN_STRICT_PROTOTYPES = YES;
				CLANG_WARN_SUSPICIOUS_MOVE = YES;
				CLANG_WARN_UNREACHABLE_CODE = YES;
				CLANG_WARN__DUPLICATE_METHOD_MATCH = YES;
				"CODE_SIGN_IDENTITY[sdk=iphoneos*]" = "iPhone Developer";
				COPY_PHASE_STRIP = NO;
				ENABLE_STRICT_OBJC_MSGSEND = YES;
				ENABLE_TESTABILITY = YES;
				GCC_C_LANGUAGE_STANDARD = gnu99;
				GCC_DYNAMIC_NO_PIC = NO;
				GCC_NO_COMMON_BLOCKS = YES;
				GCC_OPTIMIZATION_LEVEL = 0;
				GCC_PREPROCESSOR_DEFINITIONS = (
					"DEBUG=1",
					"$(inherited)",
				);
				GCC_SYMBOLS_PRIVATE_EXTERN = NO;
				GCC_WARN_64_TO_32_BIT_CONVERSION = YES;
				GCC_WARN_ABOUT_RETURN_TYPE = YES_ERROR;
				GCC_WARN_UNDECLARED_SELECTOR = YES;
				GCC_WARN_UNINITIALIZED_AUTOS = YES_AGGRESSIVE;
				GCC_WARN_UNUSED_FUNCTION = YES;
				GCC_WARN_UNUSED_VARIABLE = YES;
				IPHONEOS_DEPLOYMENT_TARGET = 8.4;
				MTL_ENABLE_DEBUG_INFO = YES;
				ONLY_ACTIVE_ARCH = YES;
				SDKROOT = iphoneos;
				SWIFT_OPTIMIZATION_LEVEL = "-Onone";
				SWIFT_VERSION = 4.0;
				TARGETED_DEVICE_FAMILY = "1,2";
			};
			name = Debug;
		};
		3EED85CB1978FEE8007EEB62 /* Release */ = {
			isa = XCBuildConfiguration;
			buildSettings = {
				ALWAYS_SEARCH_USER_PATHS = NO;
				CLANG_ANALYZER_LOCALIZABILITY_NONLOCALIZED = YES;
				CLANG_CXX_LANGUAGE_STANDARD = "gnu++0x";
				CLANG_CXX_LIBRARY = "libc++";
				CLANG_ENABLE_MODULES = YES;
				CLANG_ENABLE_OBJC_ARC = YES;
				CLANG_WARN_BLOCK_CAPTURE_AUTORELEASING = YES;
				CLANG_WARN_BOOL_CONVERSION = YES;
				CLANG_WARN_COMMA = YES;
				CLANG_WARN_CONSTANT_CONVERSION = YES;
				CLANG_WARN_DEPRECATED_OBJC_IMPLEMENTATIONS = YES;
				CLANG_WARN_DIRECT_OBJC_ISA_USAGE = YES_ERROR;
				CLANG_WARN_EMPTY_BODY = YES;
				CLANG_WARN_ENUM_CONVERSION = YES;
				CLANG_WARN_INFINITE_RECURSION = YES;
				CLANG_WARN_INT_CONVERSION = YES;
				CLANG_WARN_NON_LITERAL_NULL_CONVERSION = YES;
				CLANG_WARN_OBJC_IMPLICIT_RETAIN_SELF = YES;
				CLANG_WARN_OBJC_LITERAL_CONVERSION = YES;
				CLANG_WARN_OBJC_ROOT_CLASS = YES_ERROR;
				CLANG_WARN_RANGE_LOOP_ANALYSIS = YES;
				CLANG_WARN_STRICT_PROTOTYPES = YES;
				CLANG_WARN_SUSPICIOUS_MOVE = YES;
				CLANG_WARN_UNREACHABLE_CODE = YES;
				CLANG_WARN__DUPLICATE_METHOD_MATCH = YES;
				"CODE_SIGN_IDENTITY[sdk=iphoneos*]" = "iPhone Developer";
				COPY_PHASE_STRIP = YES;
				ENABLE_NS_ASSERTIONS = NO;
				ENABLE_STRICT_OBJC_MSGSEND = YES;
				GCC_C_LANGUAGE_STANDARD = gnu99;
				GCC_NO_COMMON_BLOCKS = YES;
				GCC_WARN_64_TO_32_BIT_CONVERSION = YES;
				GCC_WARN_ABOUT_RETURN_TYPE = YES_ERROR;
				GCC_WARN_UNDECLARED_SELECTOR = YES;
				GCC_WARN_UNINITIALIZED_AUTOS = YES_AGGRESSIVE;
				GCC_WARN_UNUSED_FUNCTION = YES;
				GCC_WARN_UNUSED_VARIABLE = YES;
				IPHONEOS_DEPLOYMENT_TARGET = 8.4;
				MTL_ENABLE_DEBUG_INFO = NO;
				SDKROOT = iphoneos;
				SWIFT_OPTIMIZATION_LEVEL = "-Owholemodule";
				SWIFT_VERSION = 4.0;
				TARGETED_DEVICE_FAMILY = "1,2";
				VALIDATE_PRODUCT = YES;
			};
			name = Release;
		};
		3EED85CD1978FEE8007EEB62 /* Debug */ = {
			isa = XCBuildConfiguration;
			buildSettings = {
				ASSETCATALOG_COMPILER_APPICON_NAME = AppIcon;
				ASSETCATALOG_COMPILER_LAUNCHIMAGE_NAME = LaunchImage;
				INFOPLIST_FILE = CoinToss/Info.plist;
				LD_RUNPATH_SEARCH_PATHS = "$(inherited) @executable_path/Frameworks";
				PRODUCT_BUNDLE_IDENTIFIER = "com.garyhanson.${PRODUCT_NAME:rfc1034identifier}";
				PRODUCT_NAME = "$(TARGET_NAME)";
				SWIFT_VERSION = 5.0;
			};
			name = Debug;
		};
		3EED85CE1978FEE8007EEB62 /* Release */ = {
			isa = XCBuildConfiguration;
			buildSettings = {
				ASSETCATALOG_COMPILER_APPICON_NAME = AppIcon;
				ASSETCATALOG_COMPILER_LAUNCHIMAGE_NAME = LaunchImage;
				INFOPLIST_FILE = CoinToss/Info.plist;
				LD_RUNPATH_SEARCH_PATHS = "$(inherited) @executable_path/Frameworks";
				PRODUCT_BUNDLE_IDENTIFIER = "com.garyhanson.${PRODUCT_NAME:rfc1034identifier}";
				PRODUCT_NAME = "$(TARGET_NAME)";
				SWIFT_VERSION = 5.0;
			};
			name = Release;
		};
/* End XCBuildConfiguration section */

/* Begin XCConfigurationList section */
		3EED85AB1978FEE8007EEB62 /* Build configuration list for PBXProject "CoinToss" */ = {
			isa = XCConfigurationList;
			buildConfigurations = (
				3EED85CA1978FEE8007EEB62 /* Debug */,
				3EED85CB1978FEE8007EEB62 /* Release */,
			);
			defaultConfigurationIsVisible = 0;
			defaultConfigurationName = Release;
		};
		3EED85CC1978FEE8007EEB62 /* Build configuration list for PBXNativeTarget "CoinToss" */ = {
			isa = XCConfigurationList;
			buildConfigurations = (
				3EED85CD1978FEE8007EEB62 /* Debug */,
				3EED85CE1978FEE8007EEB62 /* Release */,
			);
			defaultConfigurationIsVisible = 0;
			defaultConfigurationName = Release;
		};
/* End XCConfigurationList section */
	};
	rootObject = 3EED85A81978FEE8007EEB62 /* Project object */;
}
